
Microsoft Visual Studio Solution File, Format Version 12.00
# Visual Studio Version 16
VisualStudioVersion = 16.0.30717.126
MinimumVisualStudioVersion = 10.0.40219.1
Project("{FAE04EC0-301F-11D3-BF4B-00C04F79EFBC}") = "CSH2_Tag_08_DummeObserverAufgabe", "CSH2_Tag_08_DummeObserverAufgabe\CSH2_Tag_08_DummeObserverAufgabe.csproj", "{5218BB0B-8095-44A3-8E66-A0E0B7328C7A}"
EndProject
Global
	GlobalSection(SolutionConfigurationPlatforms) = preSolution
		Debug|Any CPU = Debug|Any CPU
		Release|Any CPU = Release|Any CPU
	EndGlobalSection
	GlobalSection(ProjectConfigurationPlatforms) = postSolution
		{5218BB0B-8095-44A3-8E66-A0E0B7328C7A}.Debug|Any CPU.ActiveCfg = Debug|Any CPU
		{5218BB0B-8095-44A3-8E66-A0E0B7328C7A}.Debug|Any CPU.Build.0 = Debug|Any CPU
		{5218BB0B-8095-44A3-8E66-A0E0B7328C7A}.Release|Any CPU.ActiveCfg = Release|Any CPU
		{5218BB0B-8095-44A3-8E66-A0E0B7328C7A}.Release|Any CPU.Build.0 = Release|Any CPU
	EndGlobalSection
	GlobalSection(SolutionProperties) = preSolution
		HideSolutionNode = FALSE
	EndGlobalSection
	GlobalSection(ExtensibilityGlobals) = postSolution
		SolutionGuid = {A4FA80D7-EB27-498E-9C8B-87E9CA8AA3D5}
	EndGlobalSection
EndGlobal
